
Microsoft Visual Studio Solution File, Format Version 12.00
# Visual Studio 15
VisualStudioVersion = 15.0.28307.489
MinimumVisualStudioVersion = 10.0.40219.1
Project("{FAE04EC0-301F-11D3-BF4B-00C04F79EFBC}") = "SuperheroCreator", "SuperheroCreator\SuperheroCreator.csproj", "{E5806EA9-E5BF-4EA8-978E-3BDD512376ED}"
EndProject
Global
	GlobalSection(SolutionConfigurationPlatforms) = preSolution
		Debug|Any CPU = Debug|Any CPU
		Release|Any CPU = Release|Any CPU
	EndGlobalSection
	GlobalSection(ProjectConfigurationPlatforms) = postSolution
		{E5806EA9-E5BF-4EA8-978E-3BDD512376ED}.Debug|Any CPU.ActiveCfg = Debug|Any CPU
		{E5806EA9-E5BF-4EA8-978E-3BDD512376ED}.Debug|Any CPU.Build.0 = Debug|Any CPU
		{E5806EA9-E5BF-4EA8-978E-3BDD512376ED}.Release|Any CPU.ActiveCfg = Release|Any CPU
		{E5806EA9-E5BF-4EA8-978E-3BDD512376ED}.Release|Any CPU.Build.0 = Release|Any CPU
	EndGlobalSection
	GlobalSection(SolutionProperties) = preSolution
		HideSolutionNode = FALSE
	EndGlobalSection
	GlobalSection(ExtensibilityGlobals) = postSolution
		SolutionGuid = {7EB3AAEE-BE03-44BC-BDEC-435414F57709}
	EndGlobalSection
EndGlobal
